
Microsoft Visual Studio Solution File, Format Version 12.00
# Visual Studio Version 16
VisualStudioVersion = 16.0.29519.181
MinimumVisualStudioVersion = 10.0.40219.1
Project("{FAE04EC0-301F-11D3-BF4B-00C04F79EFBC}") = "Zadatak_PPP_5", "Zadatak_PPP_5.csproj", "{26F53680-DA7F-4265-8B41-9C052D41B215}"
EndProject
Global
	GlobalSection(SolutionConfigurationPlatforms) = preSolution
		Debug|Any CPU = Debug|Any CPU
		Release|Any CPU = Release|Any CPU
	EndGlobalSection
	GlobalSection(ProjectConfigurationPlatforms) = postSolution
		{26F53680-DA7F-4265-8B41-9C052D41B215}.Debug|Any CPU.ActiveCfg = Debug|Any CPU
		{26F53680-DA7F-4265-8B41-9C052D41B215}.Debug|Any CPU.Build.0 = Debug|Any CPU
		{26F53680-DA7F-4265-8B41-9C052D41B215}.Release|Any CPU.ActiveCfg = Release|Any CPU
		{26F53680-DA7F-4265-8B41-9C052D41B215}.Release|Any CPU.Build.0 = Release|Any CPU
	EndGlobalSection
	GlobalSection(SolutionProperties) = preSolution
		HideSolutionNode = FALSE
	EndGlobalSection
	GlobalSection(ExtensibilityGlobals) = postSolution
		SolutionGuid = {CE6C0CE0-4D7B-496A-BB42-D3E215E5D5C1}
	EndGlobalSection
EndGlobal
